<?xml version="1.0" encoding="utf-8"?>
<Project ToolsVersion="18.0" xmlns="http://schemas.microsoft.com/developer/msbuild/2003">
  <ItemGroup>
    <ClCompile Include="C:\Users\krish\Project_02\EdgeGuard\cpp_engine\main.cpp">
      <Filter>Source Files</Filter>
    </ClCompile>
  </ItemGroup>
  <ItemGroup>
    <CustomBuild Include="C:\Users\krish\Project_02\EdgeGuard\cpp_engine\CMakeLists.txt" />
  </ItemGroup>
  <ItemGroup>
    <Filter Include="Source Files">
      <UniqueIdentifier>{7E5B263A-2235-3AE0-A406-BB7570275A1C}</UniqueIdentifier>
    </Filter>
  </ItemGroup>
</Project>
